
Microsoft Visual Studio Solution File, Format Version 12.00
# Visual Studio 14
VisualStudioVersion = 14.0.23107.0
MinimumVisualStudioVersion = 10.0.40219.1
Project("{FAE04EC0-301F-11D3-BF4B-00C04F79EFBC}") = "LCLMBKQuickSort", "LCLMBKQuickSort\LCLMBKQuickSort.csproj", "{5CDA2414-76F8-4027-BA2A-F3B6BB13F45E}"
EndProject
Project("{FAE04EC0-301F-11D3-BF4B-00C04F79EFBC}") = "LCL.MBK.QuickSortTest", "LCL.MBK.QuickSortTest\LCL.MBK.QuickSortTest.csproj", "{BA752C5D-7A0F-48BF-AF13-967D14E11A0E}"
EndProject
Project("{FAE04EC0-301F-11D3-BF4B-00C04F79EFBC}") = "LCL.MBK.QuickSortMeasure", "LCL.MBK.QuickSortMeasure\LCL.MBK.QuickSortMeasure.csproj", "{73DC552E-E584-4388-8BA1-F403B863BA4A}"
EndProject
Global
	GlobalSection(SolutionConfigurationPlatforms) = preSolution
		Debug|Any CPU = Debug|Any CPU
		Release|Any CPU = Release|Any CPU
	EndGlobalSection
	GlobalSection(ProjectConfigurationPlatforms) = postSolution
		{5CDA2414-76F8-4027-BA2A-F3B6BB13F45E}.Debug|Any CPU.ActiveCfg = Debug|Any CPU
		{5CDA2414-76F8-4027-BA2A-F3B6BB13F45E}.Debug|Any CPU.Build.0 = Debug|Any CPU
		{5CDA2414-76F8-4027-BA2A-F3B6BB13F45E}.Release|Any CPU.ActiveCfg = Release|Any CPU
		{5CDA2414-76F8-4027-BA2A-F3B6BB13F45E}.Release|Any CPU.Build.0 = Release|Any CPU
		{BA752C5D-7A0F-48BF-AF13-967D14E11A0E}.Debug|Any CPU.ActiveCfg = Debug|Any CPU
		{BA752C5D-7A0F-48BF-AF13-967D14E11A0E}.Debug|Any CPU.Build.0 = Debug|Any CPU
		{BA752C5D-7A0F-48BF-AF13-967D14E11A0E}.Release|Any CPU.ActiveCfg = Release|Any CPU
		{BA752C5D-7A0F-48BF-AF13-967D14E11A0E}.Release|Any CPU.Build.0 = Release|Any CPU
		{73DC552E-E584-4388-8BA1-F403B863BA4A}.Debug|Any CPU.ActiveCfg = Debug|Any CPU
		{73DC552E-E584-4388-8BA1-F403B863BA4A}.Debug|Any CPU.Build.0 = Debug|Any CPU
		{73DC552E-E584-4388-8BA1-F403B863BA4A}.Release|Any CPU.ActiveCfg = Release|Any CPU
		{73DC552E-E584-4388-8BA1-F403B863BA4A}.Release|Any CPU.Build.0 = Release|Any CPU
	EndGlobalSection
	GlobalSection(SolutionProperties) = preSolution
		HideSolutionNode = FALSE
	EndGlobalSection
EndGlobal
