
Microsoft Visual Studio Solution File, Format Version 12.00
# Visual Studio 14
VisualStudioVersion = 14.0.23107.0
MinimumVisualStudioVersion = 10.0.40219.1
Project("{FAE04EC0-301F-11D3-BF4B-00C04F79EFBC}") = "PublicKeyEncryption", "PublicKeyEncryption\PublicKeyEncryption.csproj", "{46E71C43-8B71-44F8-9F13-18C48777906F}"
EndProject
Project("{FAE04EC0-301F-11D3-BF4B-00C04F79EFBC}") = "PublicKeyEncryption.Core", "PublicKeyEncryption.Core\PublicKeyEncryption.Core.csproj", "{12F7D68E-02CF-48CA-98D3-29B6215B4136}"
EndProject
Project("{FAE04EC0-301F-11D3-BF4B-00C04F79EFBC}") = "PublicKeyEncryption.CoreTest", "PublicKeyEncryption.CoreTest\PublicKeyEncryption.CoreTest.csproj", "{5C6014C5-C656-4FFB-884C-B0DC608AA01D}"
EndProject
Global
	GlobalSection(SolutionConfigurationPlatforms) = preSolution
		Debug|Any CPU = Debug|Any CPU
		Release|Any CPU = Release|Any CPU
	EndGlobalSection
	GlobalSection(ProjectConfigurationPlatforms) = postSolution
		{46E71C43-8B71-44F8-9F13-18C48777906F}.Debug|Any CPU.ActiveCfg = Debug|Any CPU
		{46E71C43-8B71-44F8-9F13-18C48777906F}.Debug|Any CPU.Build.0 = Debug|Any CPU
		{46E71C43-8B71-44F8-9F13-18C48777906F}.Release|Any CPU.ActiveCfg = Release|Any CPU
		{46E71C43-8B71-44F8-9F13-18C48777906F}.Release|Any CPU.Build.0 = Release|Any CPU
		{12F7D68E-02CF-48CA-98D3-29B6215B4136}.Debug|Any CPU.ActiveCfg = Debug|Any CPU
		{12F7D68E-02CF-48CA-98D3-29B6215B4136}.Debug|Any CPU.Build.0 = Debug|Any CPU
		{12F7D68E-02CF-48CA-98D3-29B6215B4136}.Release|Any CPU.ActiveCfg = Release|Any CPU
		{12F7D68E-02CF-48CA-98D3-29B6215B4136}.Release|Any CPU.Build.0 = Release|Any CPU
		{5C6014C5-C656-4FFB-884C-B0DC608AA01D}.Debug|Any CPU.ActiveCfg = Debug|Any CPU
		{5C6014C5-C656-4FFB-884C-B0DC608AA01D}.Debug|Any CPU.Build.0 = Debug|Any CPU
		{5C6014C5-C656-4FFB-884C-B0DC608AA01D}.Release|Any CPU.ActiveCfg = Release|Any CPU
		{5C6014C5-C656-4FFB-884C-B0DC608AA01D}.Release|Any CPU.Build.0 = Release|Any CPU
	EndGlobalSection
	GlobalSection(SolutionProperties) = preSolution
		HideSolutionNode = FALSE
	EndGlobalSection
EndGlobal
