
Microsoft Visual Studio Solution File, Format Version 12.00
# Visual Studio 14
VisualStudioVersion = 14.0.23107.0
MinimumVisualStudioVersion = 10.0.40219.1
Project("{8BC9CEB8-8B4A-11D0-8D11-00A0C91BC942}") = "TidyNumbers", "TidyNumbers\TidyNumbers.vcxproj", "{EAFE644D-87FB-4D3C-931B-E8E9D079219A}"
EndProject
Project("{8BC9CEB8-8B4A-11D0-8D11-00A0C91BC942}") = "BathroomStalls", "BathroomStalls\BathroomStalls.vcxproj", "{894F2B88-6765-4E3F-B1F5-531710EB0A00}"
EndProject
Project("{8BC9CEB8-8B4A-11D0-8D11-00A0C91BC942}") = "OversizedPancakeFlipper", "OversizedPancakeFlipper\OversizedPancakeFlipper.vcxproj", "{061BE1F4-391B-483A-87E4-7D8EF3F3098B}"
EndProject
Global
	GlobalSection(SolutionConfigurationPlatforms) = preSolution
		Debug|x64 = Debug|x64
		Debug|x86 = Debug|x86
		Release|x64 = Release|x64
		Release|x86 = Release|x86
	EndGlobalSection
	GlobalSection(ProjectConfigurationPlatforms) = postSolution
		{EAFE644D-87FB-4D3C-931B-E8E9D079219A}.Debug|x64.ActiveCfg = Debug|x64
		{EAFE644D-87FB-4D3C-931B-E8E9D079219A}.Debug|x64.Build.0 = Debug|x64
		{EAFE644D-87FB-4D3C-931B-E8E9D079219A}.Debug|x86.ActiveCfg = Debug|Win32
		{EAFE644D-87FB-4D3C-931B-E8E9D079219A}.Debug|x86.Build.0 = Debug|Win32
		{EAFE644D-87FB-4D3C-931B-E8E9D079219A}.Release|x64.ActiveCfg = Release|x64
		{EAFE644D-87FB-4D3C-931B-E8E9D079219A}.Release|x64.Build.0 = Release|x64
		{EAFE644D-87FB-4D3C-931B-E8E9D079219A}.Release|x86.ActiveCfg = Release|Win32
		{EAFE644D-87FB-4D3C-931B-E8E9D079219A}.Release|x86.Build.0 = Release|Win32
		{894F2B88-6765-4E3F-B1F5-531710EB0A00}.Debug|x64.ActiveCfg = Debug|x64
		{894F2B88-6765-4E3F-B1F5-531710EB0A00}.Debug|x64.Build.0 = Debug|x64
		{894F2B88-6765-4E3F-B1F5-531710EB0A00}.Debug|x86.ActiveCfg = Debug|Win32
		{894F2B88-6765-4E3F-B1F5-531710EB0A00}.Debug|x86.Build.0 = Debug|Win32
		{894F2B88-6765-4E3F-B1F5-531710EB0A00}.Release|x64.ActiveCfg = Release|x64
		{894F2B88-6765-4E3F-B1F5-531710EB0A00}.Release|x64.Build.0 = Release|x64
		{894F2B88-6765-4E3F-B1F5-531710EB0A00}.Release|x86.ActiveCfg = Release|Win32
		{894F2B88-6765-4E3F-B1F5-531710EB0A00}.Release|x86.Build.0 = Release|Win32
		{061BE1F4-391B-483A-87E4-7D8EF3F3098B}.Debug|x64.ActiveCfg = Debug|x64
		{061BE1F4-391B-483A-87E4-7D8EF3F3098B}.Debug|x64.Build.0 = Debug|x64
		{061BE1F4-391B-483A-87E4-7D8EF3F3098B}.Debug|x86.ActiveCfg = Debug|Win32
		{061BE1F4-391B-483A-87E4-7D8EF3F3098B}.Debug|x86.Build.0 = Debug|Win32
		{061BE1F4-391B-483A-87E4-7D8EF3F3098B}.Release|x64.ActiveCfg = Release|x64
		{061BE1F4-391B-483A-87E4-7D8EF3F3098B}.Release|x64.Build.0 = Release|x64
		{061BE1F4-391B-483A-87E4-7D8EF3F3098B}.Release|x86.ActiveCfg = Release|Win32
		{061BE1F4-391B-483A-87E4-7D8EF3F3098B}.Release|x86.Build.0 = Release|Win32
	EndGlobalSection
	GlobalSection(SolutionProperties) = preSolution
		HideSolutionNode = FALSE
	EndGlobalSection
EndGlobal
