
Microsoft Visual Studio Solution File, Format Version 12.00
# Visual Studio 14
VisualStudioVersion = 14.0.23107.0
MinimumVisualStudioVersion = 10.0.40219.1
Project("{FAE04EC0-301F-11D3-BF4B-00C04F79EFBC}") = "LCLMBKDynamicTimeWarping", "LCLMBKDynamicTimeWarping\LCLMBKDynamicTimeWarping.csproj", "{586BE8AB-8169-4AF1-9A0D-2FAF65C0E97E}"
EndProject
Project("{FAE04EC0-301F-11D3-BF4B-00C04F79EFBC}") = "LCLMBKDynamicTimeWarpingTest", "LCLMBKDynamicTimeWarpingTest\LCLMBKDynamicTimeWarpingTest.csproj", "{35326CB9-7C5E-4E32-BE32-6710256A00BF}"
EndProject
Project("{FAE04EC0-301F-11D3-BF4B-00C04F79EFBC}") = "LCLMBKDynamicTimeWarpingExecutable", "LCLMBKDynamicTimeWarpingExecutable\LCLMBKDynamicTimeWarpingExecutable.csproj", "{03BFA63F-EE74-4450-8523-B1A82D3E0599}"
EndProject
Project("{FAE04EC0-301F-11D3-BF4B-00C04F79EFBC}") = "DataGenerator", "DataGenerator\DataGenerator.csproj", "{3E08423F-4C1A-479F-8A9D-49AC241C6BAA}"
EndProject
Global
	GlobalSection(SolutionConfigurationPlatforms) = preSolution
		Debug|Any CPU = Debug|Any CPU
		Release|Any CPU = Release|Any CPU
	EndGlobalSection
	GlobalSection(ProjectConfigurationPlatforms) = postSolution
		{586BE8AB-8169-4AF1-9A0D-2FAF65C0E97E}.Debug|Any CPU.ActiveCfg = Debug|Any CPU
		{586BE8AB-8169-4AF1-9A0D-2FAF65C0E97E}.Debug|Any CPU.Build.0 = Debug|Any CPU
		{586BE8AB-8169-4AF1-9A0D-2FAF65C0E97E}.Release|Any CPU.ActiveCfg = Release|Any CPU
		{586BE8AB-8169-4AF1-9A0D-2FAF65C0E97E}.Release|Any CPU.Build.0 = Release|Any CPU
		{35326CB9-7C5E-4E32-BE32-6710256A00BF}.Debug|Any CPU.ActiveCfg = Debug|Any CPU
		{35326CB9-7C5E-4E32-BE32-6710256A00BF}.Debug|Any CPU.Build.0 = Debug|Any CPU
		{35326CB9-7C5E-4E32-BE32-6710256A00BF}.Release|Any CPU.ActiveCfg = Release|Any CPU
		{35326CB9-7C5E-4E32-BE32-6710256A00BF}.Release|Any CPU.Build.0 = Release|Any CPU
		{03BFA63F-EE74-4450-8523-B1A82D3E0599}.Debug|Any CPU.ActiveCfg = Debug|Any CPU
		{03BFA63F-EE74-4450-8523-B1A82D3E0599}.Debug|Any CPU.Build.0 = Debug|Any CPU
		{03BFA63F-EE74-4450-8523-B1A82D3E0599}.Release|Any CPU.ActiveCfg = Release|Any CPU
		{03BFA63F-EE74-4450-8523-B1A82D3E0599}.Release|Any CPU.Build.0 = Release|Any CPU
		{3E08423F-4C1A-479F-8A9D-49AC241C6BAA}.Debug|Any CPU.ActiveCfg = Debug|Any CPU
		{3E08423F-4C1A-479F-8A9D-49AC241C6BAA}.Debug|Any CPU.Build.0 = Debug|Any CPU
		{3E08423F-4C1A-479F-8A9D-49AC241C6BAA}.Release|Any CPU.ActiveCfg = Release|Any CPU
		{3E08423F-4C1A-479F-8A9D-49AC241C6BAA}.Release|Any CPU.Build.0 = Release|Any CPU
	EndGlobalSection
	GlobalSection(SolutionProperties) = preSolution
		HideSolutionNode = FALSE
	EndGlobalSection
EndGlobal
